// !$*UTF8*$!
{
	archiveVersion = 1;
	classes = {
	};
	objectVersion = 56;
	objects = {

/* Begin PBXBuildFile section */
		78271F3229FAEEF60080CA2E /* AppDelegate.swift in Sources */ = {isa = PBXBuildFile; fileRef = 78271F3129FAEEF60080CA2E /* AppDelegate.swift */; };
		78271F3429FAEEF60080CA2E /* SceneDelegate.swift in Sources */ = {isa = PBXBuildFile; fileRef = 78271F3329FAEEF60080CA2E /* SceneDelegate.swift */; };
		78271F3629FAEEF60080CA2E /* ViewController.swift in Sources */ = {isa = PBXBuildFile; fileRef = 78271F3529FAEEF60080CA2E /* ViewController.swift */; };
		78271F3929FAEEF60080CA2E /* Main.storyboard in Resources */ = {isa = PBXBuildFile; fileRef = 78271F3729FAEEF60080CA2E /* Main.storyboard */; };
		78271F3C29FAEEF60080CA2E /* LearningUnitTesting.xcdatamodeld in Sources */ = {isa = PBXBuildFile; fileRef = 78271F3A29FAEEF60080CA2E /* LearningUnitTesting.xcdatamodeld */; };
		78271F3E29FAEEF70080CA2E /* Assets.xcassets in Resources */ = {isa = PBXBuildFile; fileRef = 78271F3D29FAEEF70080CA2E /* Assets.xcassets */; };
		78271F4129FAEEF70080CA2E /* LaunchScreen.storyboard in Resources */ = {isa = PBXBuildFile; fileRef = 78271F3F29FAEEF70080CA2E /* LaunchScreen.storyboard */; };
		78271F4C29FAEEF70080CA2E /* LearningUnitTestingTests.swift in Sources */ = {isa = PBXBuildFile; fileRef = 78271F4B29FAEEF70080CA2E /* LearningUnitTestingTests.swift */; };
		78271F5629FAEEF70080CA2E /* LearningUnitTestingUITests.swift in Sources */ = {isa = PBXBuildFile; fileRef = 78271F5529FAEEF70080CA2E /* LearningUnitTestingUITests.swift */; };
		78271F5829FAEEF70080CA2E /* LearningUnitTestingUITestsLaunchTests.swift in Sources */ = {isa = PBXBuildFile; fileRef = 78271F5729FAEEF70080CA2E /* LearningUnitTestingUITestsLaunchTests.swift */; };
/* End PBXBuildFile section */

/* Begin PBXContainerItemProxy section */
		78271F4829FAEEF70080CA2E /* PBXContainerItemProxy */ = {
			isa = PBXContainerItemProxy;
			containerPortal = 78271F2629FAEEF60080CA2E /* Project object */;
			proxyType = 1;
			remoteGlobalIDString = 78271F2D29FAEEF60080CA2E;
			remoteInfo = LearningUnitTesting;
		};
		78271F5229FAEEF70080CA2E /* PBXContainerItemProxy */ = {
			isa = PBXContainerItemProxy;
			containerPortal = 78271F2629FAEEF60080CA2E /* Project object */;
			proxyType = 1;
			remoteGlobalIDString = 78271F2D29FAEEF60080CA2E;
			remoteInfo = LearningUnitTesting;
		};
/* End PBXContainerItemProxy section */

/* Begin PBXFileReference section */
		78271F2E29FAEEF60080CA2E /* LearningUnitTesting.app */ = {isa = PBXFileReference; explicitFileType = wrapper.application; includeInIndex = 0; path = LearningUnitTesting.app; sourceTree = BUILT_PRODUCTS_DIR; };
		78271F3129FAEEF60080CA2E /* AppDelegate.swift */ = {isa = PBXFileReference; lastKnownFileType = sourcecode.swift; path = AppDelegate.swift; sourceTree = "<group>"; };
		78271F3329FAEEF60080CA2E /* SceneDelegate.swift */ = {isa = PBXFileReference; lastKnownFileType = sourcecode.swift; path = SceneDelegate.swift; sourceTree = "<group>"; };
		78271F3529FAEEF60080CA2E /* ViewController.swift */ = {isa = PBXFileReference; lastKnownFileType = sourcecode.swift; path = ViewController.swift; sourceTree = "<group>"; };
		78271F3829FAEEF60080CA2E /* Base */ = {isa = PBXFileReference; lastKnownFileType = file.storyboard; name = Base; path = Base.lproj/Main.storyboard; sourceTree = "<group>"; };
		78271F3B29FAEEF60080CA2E /* LearningUnitTesting.xcdatamodel */ = {isa = PBXFileReference; lastKnownFileType = wrapper.xcdatamodel; path = LearningUnitTesting.xcdatamodel; sourceTree = "<group>"; };
		78271F3D29FAEEF70080CA2E /* Assets.xcassets */ = {isa = PBXFileReference; lastKnownFileType = folder.assetcatalog; path = Assets.xcassets; sourceTree = "<group>"; };
		78271F4029FAEEF70080CA2E /* Base */ = {isa = PBXFileReference; lastKnownFileType = file.storyboard; name = Base; path = Base.lproj/LaunchScreen.storyboard; sourceTree = "<group>"; };
		78271F4229FAEEF70080CA2E /* Info.plist */ = {isa = PBXFileReference; lastKnownFileType = text.plist.xml; path = Info.plist; sourceTree = "<group>"; };
		78271F4729FAEEF70080CA2E /* LearningUnitTestingTests.xctest */ = {isa = PBXFileReference; explicitFileType = wrapper.cfbundle; includeInIndex = 0; path = LearningUnitTestingTests.xctest; sourceTree = BUILT_PRODUCTS_DIR; };
		78271F4B29FAEEF70080CA2E /* LearningUnitTestingTests.swift */ = {isa = PBXFileReference; lastKnownFileType = sourcecode.swift; path = LearningUnitTestingTests.swift; sourceTree = "<group>"; };
		78271F5129FAEEF70080CA2E /* LearningUnitTestingUITests.xctest */ = {isa = PBXFileReference; explicitFileType = wrapper.cfbundle; includeInIndex = 0; path = LearningUnitTestingUITests.xctest; sourceTree = BUILT_PRODUCTS_DIR; };
		78271F5529FAEEF70080CA2E /* LearningUnitTestingUITests.swift */ = {isa = PBXFileReference; lastKnownFileType = sourcecode.swift; path = LearningUnitTestingUITests.swift; sourceTree = "<group>"; };
		78271F5729FAEEF70080CA2E /* LearningUnitTestingUITestsLaunchTests.swift */ = {isa = PBXFileReference; lastKnownFileType = sourcecode.swift; path = LearningUnitTestingUITestsLaunchTests.swift; sourceTree = "<group>"; };
/* End PBXFileReference section */

/* Begin PBXFrameworksBuildPhase section */
		78271F2B29FAEEF60080CA2E /* Frameworks */ = {
			isa = PBXFrameworksBuildPhase;
			buildActionMask = 2147483647;
			files = (
			);
			runOnlyForDeploymentPostprocessing = 0;
		};
		78271F4429FAEEF70080CA2E /* Frameworks */ = {
			isa = PBXFrameworksBuildPhase;
			buildActionMask = 2147483647;
			files = (
			);
			runOnlyForDeploymentPostprocessing = 0;
		};
		78271F4E29FAEEF70080CA2E /* Frameworks */ = {
			isa = PBXFrameworksBuildPhase;
			buildActionMask = 2147483647;
			files = (
			);
			runOnlyForDeploymentPostprocessing = 0;
		};
/* End PBXFrameworksBuildPhase section */

/* Begin PBXGroup section */
		78271F2529FAEEF60080CA2E = {
			isa = PBXGroup;
			children = (
				78271F3029FAEEF60080CA2E /* LearningUnitTesting */,
				78271F4A29FAEEF70080CA2E /* LearningUnitTestingTests */,
				78271F5429FAEEF70080CA2E /* LearningUnitTestingUITests */,
				78271F2F29FAEEF60080CA2E /* Products */,
			);
			sourceTree = "<group>";
		};
		78271F2F29FAEEF60080CA2E /* Products */ = {
			isa = PBXGroup;
			children = (
				78271F2E29FAEEF60080CA2E /* LearningUnitTesting.app */,
				78271F4729FAEEF70080CA2E /* LearningUnitTestingTests.xctest */,
				78271F5129FAEEF70080CA2E /* LearningUnitTestingUITests.xctest */,
			);
			name = Products;
			sourceTree = "<group>";
		};
		78271F3029FAEEF60080CA2E /* LearningUnitTesting */ = {
			isa = PBXGroup;
			children = (
				78271F3129FAEEF60080CA2E /* AppDelegate.swift */,
				78271F3329FAEEF60080CA2E /* SceneDelegate.swift */,
				78271F3529FAEEF60080CA2E /* ViewController.swift */,
				78271F3729FAEEF60080CA2E /* Main.storyboard */,
				78271F3D29FAEEF70080CA2E /* Assets.xcassets */,
				78271F3F29FAEEF70080CA2E /* LaunchScreen.storyboard */,
				78271F4229FAEEF70080CA2E /* Info.plist */,
				78271F3A29FAEEF60080CA2E /* LearningUnitTesting.xcdatamodeld */,
			);
			path = LearningUnitTesting;
			sourceTree = "<group>";
		};
		78271F4A29FAEEF70080CA2E /* LearningUnitTestingTests */ = {
			isa = PBXGroup;
			children = (
				78271F4B29FAEEF70080CA2E /* LearningUnitTestingTests.swift */,
			);
			path = LearningUnitTestingTests;
			sourceTree = "<group>";
		};
		78271F5429FAEEF70080CA2E /* LearningUnitTestingUITests */ = {
			isa = PBXGroup;
			children = (
				78271F5529FAEEF70080CA2E /* LearningUnitTestingUITests.swift */,
				78271F5729FAEEF70080CA2E /* LearningUnitTestingUITestsLaunchTests.swift */,
			);
			path = LearningUnitTestingUITests;
			sourceTree = "<group>";
		};
/* End PBXGroup section */

/* Begin PBXNativeTarget section */
		78271F2D29FAEEF60080CA2E /* LearningUnitTesting */ = {
			isa = PBXNativeTarget;
			buildConfigurationList = 78271F5B29FAEEF70080CA2E /* Build configuration list for PBXNativeTarget "LearningUnitTesting" */;
			buildPhases = (
				78271F2A29FAEEF60080CA2E /* Sources */,
				78271F2B29FAEEF60080CA2E /* Frameworks */,
				78271F2C29FAEEF60080CA2E /* Resources */,
			);
			buildRules = (
			);
			dependencies = (
			);
			name = LearningUnitTesting;
			productName = LearningUnitTesting;
			productReference = 78271F2E29FAEEF60080CA2E /* LearningUnitTesting.app */;
			productType = "com.apple.product-type.application";
		};
		78271F4629FAEEF70080CA2E /* LearningUnitTestingTests */ = {
			isa = PBXNativeTarget;
			buildConfigurationList = 78271F5E29FAEEF70080CA2E /* Build configuration list for PBXNativeTarget "LearningUnitTestingTests" */;
			buildPhases = (
				78271F4329FAEEF70080CA2E /* Sources */,
				78271F4429FAEEF70080CA2E /* Frameworks */,
				78271F4529FAEEF70080CA2E /* Resources */,
			);
			buildRules = (
			);
			dependencies = (
				78271F4929FAEEF70080CA2E /* PBXTargetDependency */,
			);
			name = LearningUnitTestingTests;
			productName = LearningUnitTestingTests;
			productReference = 78271F4729FAEEF70080CA2E /* LearningUnitTestingTests.xctest */;
			productType = "com.apple.product-type.bundle.unit-test";
		};
		78271F5029FAEEF70080CA2E /* LearningUnitTestingUITests */ = {
			isa = PBXNativeTarget;
			buildConfigurationList = 78271F6129FAEEF70080CA2E /* Build configuration list for PBXNativeTarget "LearningUnitTestingUITests" */;
			buildPhases = (
				78271F4D29FAEEF70080CA2E /* Sources */,
				78271F4E29FAEEF70080CA2E /* Frameworks */,
				78271F4F29FAEEF70080CA2E /* Resources */,
			);
			buildRules = (
			);
			dependencies = (
				78271F5329FAEEF70080CA2E /* PBXTargetDependency */,
			);
			name = LearningUnitTestingUITests;
			productName = LearningUnitTestingUITests;
			productReference = 78271F5129FAEEF70080CA2E /* LearningUnitTestingUITests.xctest */;
			productType = "com.apple.product-type.bundle.ui-testing";
		};
/* End PBXNativeTarget section */

/* Begin PBXProject section */
		78271F2629FAEEF60080CA2E /* Project object */ = {
			isa = PBXProject;
			attributes = {
				BuildIndependentTargetsInParallel = 1;
				LastSwiftUpdateCheck = 1430;
				LastUpgradeCheck = 1430;
				TargetAttributes = {
					78271F2D29FAEEF60080CA2E = {
						CreatedOnToolsVersion = 14.3;
					};
					78271F4629FAEEF70080CA2E = {
						CreatedOnToolsVersion = 14.3;
						TestTargetID = 78271F2D29FAEEF60080CA2E;
					};
					78271F5029FAEEF70080CA2E = {
						CreatedOnToolsVersion = 14.3;
						TestTargetID = 78271F2D29FAEEF60080CA2E;
					};
				};
			};
			buildConfigurationList = 78271F2929FAEEF60080CA2E /* Build configuration list for PBXProject "LearningUnitTesting" */;
			compatibilityVersion = "Xcode 14.0";
			developmentRegion = en;
			hasScannedForEncodings = 0;
			knownRegions = (
				en,
				Base,
			);
			mainGroup = 78271F2529FAEEF60080CA2E;
			productRefGroup = 78271F2F29FAEEF60080CA2E /* Products */;
			projectDirPath = "";
			projectRoot = "";
			targets = (
				78271F2D29FAEEF60080CA2E /* LearningUnitTesting */,
				78271F4629FAEEF70080CA2E /* LearningUnitTestingTests */,
				78271F5029FAEEF70080CA2E /* LearningUnitTestingUITests */,
			);
		};
/* End PBXProject section */

/* Begin PBXResourcesBuildPhase section */
		78271F2C29FAEEF60080CA2E /* Resources */ = {
			isa = PBXResourcesBuildPhase;
			buildActionMask = 2147483647;
			files = (
				78271F4129FAEEF70080CA2E /* LaunchScreen.storyboard in Resources */,
				78271F3E29FAEEF70080CA2E /* Assets.xcassets in Resources */,
				78271F3929FAEEF60080CA2E /* Main.storyboard in Resources */,
			);
			runOnlyForDeploymentPostprocessing = 0;
		};
		78271F4529FAEEF70080CA2E /* Resources */ = {
			isa = PBXResourcesBuildPhase;
			buildActionMask = 2147483647;
			files = (
			);
			runOnlyForDeploymentPostprocessing = 0;
		};
		78271F4F29FAEEF70080CA2E /* Resources */ = {
			isa = PBXResourcesBuildPhase;
			buildActionMask = 2147483647;
			files = (
			);
			runOnlyForDeploymentPostprocessing = 0;
		};
/* End PBXResourcesBuildPhase section */

/* Begin PBXSourcesBuildPhase section */
		78271F2A29FAEEF60080CA2E /* Sources */ = {
			isa = PBXSourcesBuildPhase;
			buildActionMask = 2147483647;
			files = (
				78271F3C29FAEEF60080CA2E /* LearningUnitTesting.xcdatamodeld in Sources */,
				78271F3629FAEEF60080CA2E /* ViewController.swift in Sources */,
				78271F3229FAEEF60080CA2E /* AppDelegate.swift in Sources */,
				78271F3429FAEEF60080CA2E /* SceneDelegate.swift in Sources */,
			);
			runOnlyForDeploymentPostprocessing = 0;
		};
		78271F4329FAEEF70080CA2E /* Sources */ = {
			isa = PBXSourcesBuildPhase;
			buildActionMask = 2147483647;
			files = (
				78271F4C29FAEEF70080CA2E /* LearningUnitTestingTests.swift in Sources */,
			);
			runOnlyForDeploymentPostprocessing = 0;
		};
		78271F4D29FAEEF70080CA2E /* Sources */ = {
			isa = PBXSourcesBuildPhase;
			buildActionMask = 2147483647;
			files = (
				78271F5629FAEEF70080CA2E /* LearningUnitTestingUITests.swift in Sources */,
				78271F5829FAEEF70080CA2E /* LearningUnitTestingUITestsLaunchTests.swift in Sources */,
			);
			runOnlyForDeploymentPostprocessing = 0;
		};
/* End PBXSourcesBuildPhase section */

/* Begin PBXTargetDependency section */
		78271F4929FAEEF70080CA2E /* PBXTargetDependency */ = {
			isa = PBXTargetDependency;
			target = 78271F2D29FAEEF60080CA2E /* LearningUnitTesting */;
			targetProxy = 78271F4829FAEEF70080CA2E /* PBXContainerItemProxy */;
		};
		78271F5329FAEEF70080CA2E /* PBXTargetDependency */ = {
			isa = PBXTargetDependency;
			target = 78271F2D29FAEEF60080CA2E /* LearningUnitTesting */;
			targetProxy = 78271F5229FAEEF70080CA2E /* PBXContainerItemProxy */;
		};
/* End PBXTargetDependency section */

/* Begin PBXVariantGroup section */
		78271F3729FAEEF60080CA2E /* Main.storyboard */ = {
			isa = PBXVariantGroup;
			children = (
				78271F3829FAEEF60080CA2E /* Base */,
			);
			name = Main.storyboard;
			sourceTree = "<group>";
		};
		78271F3F29FAEEF70080CA2E /* LaunchScreen.storyboard */ = {
			isa = PBXVariantGroup;
			children = (
				78271F4029FAEEF70080CA2E /* Base */,
			);
			name = LaunchScreen.storyboard;
			sourceTree = "<group>";
		};
/* End PBXVariantGroup section */

/* Begin XCBuildConfiguration section */
		78271F5929FAEEF70080CA2E /* Debug */ = {
			isa = XCBuildConfiguration;
			buildSettings = {
				ALWAYS_SEARCH_USER_PATHS = NO;
				CLANG_ANALYZER_NONNULL = YES;
				CLANG_ANALYZER_NUMBER_OBJECT_CONVERSION = YES_AGGRESSIVE;
				CLANG_CXX_LANGUAGE_STANDARD = "gnu++20";
				CLANG_ENABLE_MODULES = YES;
				CLANG_ENABLE_OBJC_ARC = YES;
				CLANG_ENABLE_OBJC_WEAK = YES;
				CLANG_WARN_BLOCK_CAPTURE_AUTORELEASING = YES;
				CLANG_WARN_BOOL_CONVERSION = YES;
				CLANG_WARN_COMMA = YES;
				CLANG_WARN_CONSTANT_CONVERSION = YES;
				CLANG_WARN_DEPRECATED_OBJC_IMPLEMENTATIONS = YES;
				CLANG_WARN_DIRECT_OBJC_ISA_USAGE = YES_ERROR;
				CLANG_WARN_DOCUMENTATION_COMMENTS = YES;
				CLANG_WARN_EMPTY_BODY = YES;
				CLANG_WARN_ENUM_CONVERSION = YES;
				CLANG_WARN_INFINITE_RECURSION = YES;
				CLANG_WARN_INT_CONVERSION = YES;
				CLANG_WARN_NON_LITERAL_NULL_CONVERSION = YES;
				CLANG_WARN_OBJC_IMPLICIT_RETAIN_SELF = YES;
				CLANG_WARN_OBJC_LITERAL_CONVERSION = YES;
				CLANG_WARN_OBJC_ROOT_CLASS = YES_ERROR;
				CLANG_WARN_QUOTED_INCLUDE_IN_FRAMEWORK_HEADER = YES;
				CLANG_WARN_RANGE_LOOP_ANALYSIS = YES;
				CLANG_WARN_STRICT_PROTOTYPES = YES;
				CLANG_WARN_SUSPICIOUS_MOVE = YES;
				CLANG_WARN_UNGUARDED_AVAILABILITY = YES_AGGRESSIVE;
				CLANG_WARN_UNREACHABLE_CODE = YES;
				CLANG_WARN__DUPLICATE_METHOD_MATCH = YES;
				COPY_PHASE_STRIP = NO;
				DEBUG_INFORMATION_FORMAT = dwarf;
				ENABLE_STRICT_OBJC_MSGSEND = YES;
				ENABLE_TESTABILITY = YES;
				GCC_C_LANGUAGE_STANDARD = gnu11;
				GCC_DYNAMIC_NO_PIC = NO;
				GCC_NO_COMMON_BLOCKS = YES;
				GCC_OPTIMIZATION_LEVEL = 0;
				GCC_PREPROCESSOR_DEFINITIONS = (
					"DEBUG=1",
					"$(inherited)",
				);
				GCC_WARN_64_TO_32_BIT_CONVERSION = YES;
				GCC_WARN_ABOUT_RETURN_TYPE = YES_ERROR;
				GCC_WARN_UNDECLARED_SELECTOR = YES;
				GCC_WARN_UNINITIALIZED_AUTOS = YES_AGGRESSIVE;
				GCC_WARN_UNUSED_FUNCTION = YES;
				GCC_WARN_UNUSED_VARIABLE = YES;
				IPHONEOS_DEPLOYMENT_TARGET = 16.4;
				MTL_ENABLE_DEBUG_INFO = INCLUDE_SOURCE;
				MTL_FAST_MATH = YES;
				ONLY_ACTIVE_ARCH = YES;
				SDKROOT = iphoneos;
				SWIFT_ACTIVE_COMPILATION_CONDITIONS = DEBUG;
				SWIFT_OPTIMIZATION_LEVEL = "-Onone";
			};
			name = Debug;
		};
		78271F5A29FAEEF70080CA2E /* Release */ = {
			isa = XCBuildConfiguration;
			buildSettings = {
				ALWAYS_SEARCH_USER_PATHS = NO;
				CLANG_ANALYZER_NONNULL = YES;
				CLANG_ANALYZER_NUMBER_OBJECT_CONVERSION = YES_AGGRESSIVE;
				CLANG_CXX_LANGUAGE_STANDARD = "gnu++20";
				CLANG_ENABLE_MODULES = YES;
				CLANG_ENABLE_OBJC_ARC = YES;
				CLANG_ENABLE_OBJC_WEAK = YES;
				CLANG_WARN_BLOCK_CAPTURE_AUTORELEASING = YES;
				CLANG_WARN_BOOL_CONVERSION = YES;
				CLANG_WARN_COMMA = YES;
				CLANG_WARN_CONSTANT_CONVERSION = YES;
				CLANG_WARN_DEPRECATED_OBJC_IMPLEMENTATIONS = YES;
				CLANG_WARN_DIRECT_OBJC_ISA_USAGE = YES_ERROR;
				CLANG_WARN_DOCUMENTATION_COMMENTS = YES;
				CLANG_WARN_EMPTY_BODY = YES;
				CLANG_WARN_ENUM_CONVERSION = YES;
				CLANG_WARN_INFINITE_RECURSION = YES;
				CLANG_WARN_INT_CONVERSION = YES;
				CLANG_WARN_NON_LITERAL_NULL_CONVERSION = YES;
				CLANG_WARN_OBJC_IMPLICIT_RETAIN_SELF = YES;
				CLANG_WARN_OBJC_LITERAL_CONVERSION = YES;
				CLANG_WARN_OBJC_ROOT_CLASS = YES_ERROR;
				CLANG_WARN_QUOTED_INCLUDE_IN_FRAMEWORK_HEADER = YES;
				CLANG_WARN_RANGE_LOOP_ANALYSIS = YES;
				CLANG_WARN_STRICT_PROTOTYPES = YES;
				CLANG_WARN_SUSPICIOUS_MOVE = YES;
				CLANG_WARN_UNGUARDED_AVAILABILITY = YES_AGGRESSIVE;
				CLANG_WARN_UNREACHABLE_CODE = YES;
				CLANG_WARN__DUPLICATE_METHOD_MATCH = YES;
				COPY_PHASE_STRIP = NO;
				DEBUG_INFORMATION_FORMAT = "dwarf-with-dsym";
				ENABLE_NS_ASSERTIONS = NO;
				ENABLE_STRICT_OBJC_MSGSEND = YES;
				GCC_C_LANGUAGE_STANDARD = gnu11;
				GCC_NO_COMMON_BLOCKS = YES;
				GCC_WARN_64_TO_32_BIT_CONVERSION = YES;
				GCC_WARN_ABOUT_RETURN_TYPE = YES_ERROR;
				GCC_WARN_UNDECLARED_SELECTOR = YES;
				GCC_WARN_UNINITIALIZED_AUTOS = YES_AGGRESSIVE;
				GCC_WARN_UNUSED_FUNCTION = YES;
				GCC_WARN_UNUSED_VARIABLE = YES;
				IPHONEOS_DEPLOYMENT_TARGET = 16.4;
				MTL_ENABLE_DEBUG_INFO = NO;
				MTL_FAST_MATH = YES;
				SDKROOT = iphoneos;
				SWIFT_COMPILATION_MODE = wholemodule;
				SWIFT_OPTIMIZATION_LEVEL = "-O";
				VALIDATE_PRODUCT = YES;
			};
			name = Release;
		};
		78271F5C29FAEEF70080CA2E /* Debug */ = {
			isa = XCBuildConfiguration;
			buildSettings = {
				ASSETCATALOG_COMPILER_APPICON_NAME = AppIcon;
				ASSETCATALOG_COMPILER_GLOBAL_ACCENT_COLOR_NAME = AccentColor;
				CODE_SIGN_STYLE = Automatic;
				CURRENT_PROJECT_VERSION = 1;
				DEVELOPMENT_TEAM = DAUV2YZAPY;
				GENERATE_INFOPLIST_FILE = YES;
				INFOPLIST_FILE = LearningUnitTesting/Info.plist;
				INFOPLIST_KEY_UIApplicationSupportsIndirectInputEvents = YES;
				INFOPLIST_KEY_UILaunchStoryboardName = LaunchScreen;
				INFOPLIST_KEY_UIMainStoryboardFile = Main;
				INFOPLIST_KEY_UISupportedInterfaceOrientations_iPad = "UIInterfaceOrientationPortrait UIInterfaceOrientationPortraitUpsideDown UIInterfaceOrientationLandscapeLeft UIInterfaceOrientationLandscapeRight";
				INFOPLIST_KEY_UISupportedInterfaceOrientations_iPhone = "UIInterfaceOrientationPortrait UIInterfaceOrientationLandscapeLeft UIInterfaceOrientationLandscapeRight";
				LD_RUNPATH_SEARCH_PATHS = (
					"$(inherited)",
					"@executable_path/Frameworks",
				);
				MARKETING_VERSION = 1.0;
				PRODUCT_BUNDLE_IDENTIFIER = com.miguelulloa.LearningUnitTesting;
				PRODUCT_NAME = "$(TARGET_NAME)";
				SWIFT_EMIT_LOC_STRINGS = YES;
				SWIFT_VERSION = 5.0;
				TARGETED_DEVICE_FAMILY = "1,2";
			};
			name = Debug;
		};
		78271F5D29FAEEF70080CA2E /* Release */ = {
			isa = XCBuildConfiguration;
			buildSettings = {
				ASSETCATALOG_COMPILER_APPICON_NAME = AppIcon;
				ASSETCATALOG_COMPILER_GLOBAL_ACCENT_COLOR_NAME = AccentColor;
				CODE_SIGN_STYLE = Automatic;
				CURRENT_PROJECT_VERSION = 1;
				DEVELOPMENT_TEAM = DAUV2YZAPY;
				GENERATE_INFOPLIST_FILE = YES;
				INFOPLIST_FILE = LearningUnitTesting/Info.plist;
				INFOPLIST_KEY_UIApplicationSupportsIndirectInputEvents = YES;
				INFOPLIST_KEY_UILaunchStoryboardName = LaunchScreen;
				INFOPLIST_KEY_UIMainStoryboardFile = Main;
				INFOPLIST_KEY_UISupportedInterfaceOrientations_iPad = "UIInterfaceOrientationPortrait UIInterfaceOrientationPortraitUpsideDown UIInterfaceOrientationLandscapeLeft UIInterfaceOrientationLandscapeRight";
				INFOPLIST_KEY_UISupportedInterfaceOrientations_iPhone = "UIInterfaceOrientationPortrait UIInterfaceOrientationLandscapeLeft UIInterfaceOrientationLandscapeRight";
				LD_RUNPATH_SEARCH_PATHS = (
					"$(inherited)",
					"@executable_path/Frameworks",
				);
				MARKETING_VERSION = 1.0;
				PRODUCT_BUNDLE_IDENTIFIER = com.miguelulloa.LearningUnitTesting;
				PRODUCT_NAME = "$(TARGET_NAME)";
				SWIFT_EMIT_LOC_STRINGS = YES;
				SWIFT_VERSION = 5.0;
				TARGETED_DEVICE_FAMILY = "1,2";
			};
			name = Release;
		};
		78271F5F29FAEEF70080CA2E /* Debug */ = {
			isa = XCBuildConfiguration;
			buildSettings = {
				ALWAYS_EMBED_SWIFT_STANDARD_LIBRARIES = YES;
				BUNDLE_LOADER = "$(TEST_HOST)";
				CODE_SIGN_STYLE = Automatic;
				CURRENT_PROJECT_VERSION = 1;
				DEVELOPMENT_TEAM = DAUV2YZAPY;
				GENERATE_INFOPLIST_FILE = YES;
				IPHONEOS_DEPLOYMENT_TARGET = 16.4;
				MARKETING_VERSION = 1.0;
				PRODUCT_BUNDLE_IDENTIFIER = com.miguelulloa.LearningUnitTestingTests;
				PRODUCT_NAME = "$(TARGET_NAME)";
				SWIFT_EMIT_LOC_STRINGS = NO;
				SWIFT_VERSION = 5.0;
				TARGETED_DEVICE_FAMILY = "1,2";
				TEST_HOST = "$(BUILT_PRODUCTS_DIR)/LearningUnitTesting.app/$(BUNDLE_EXECUTABLE_FOLDER_PATH)/LearningUnitTesting";
			};
			name = Debug;
		};
		78271F6029FAEEF70080CA2E /* Release */ = {
			isa = XCBuildConfiguration;
			buildSettings = {
				ALWAYS_EMBED_SWIFT_STANDARD_LIBRARIES = YES;
				BUNDLE_LOADER = "$(TEST_HOST)";
				CODE_SIGN_STYLE = Automatic;
				CURRENT_PROJECT_VERSION = 1;
				DEVELOPMENT_TEAM = DAUV2YZAPY;
				GENERATE_INFOPLIST_FILE = YES;
				IPHONEOS_DEPLOYMENT_TARGET = 16.4;
				MARKETING_VERSION = 1.0;
				PRODUCT_BUNDLE_IDENTIFIER = com.miguelulloa.LearningUnitTestingTests;
				PRODUCT_NAME = "$(TARGET_NAME)";
				SWIFT_EMIT_LOC_STRINGS = NO;
				SWIFT_VERSION = 5.0;
				TARGETED_DEVICE_FAMILY = "1,2";
				TEST_HOST = "$(BUILT_PRODUCTS_DIR)/LearningUnitTesting.app/$(BUNDLE_EXECUTABLE_FOLDER_PATH)/LearningUnitTesting";
			};
			name = Release;
		};
		78271F6229FAEEF70080CA2E /* Debug */ = {
			isa = XCBuildConfiguration;
			buildSettings = {
				ALWAYS_EMBED_SWIFT_STANDARD_LIBRARIES = YES;
				CODE_SIGN_STYLE = Automatic;
				CURRENT_PROJECT_VERSION = 1;
				DEVELOPMENT_TEAM = DAUV2YZAPY;
				GENERATE_INFOPLIST_FILE = YES;
				MARKETING_VERSION = 1.0;
				PRODUCT_BUNDLE_IDENTIFIER = com.miguelulloa.LearningUnitTestingUITests;
				PRODUCT_NAME = "$(TARGET_NAME)";
				SWIFT_EMIT_LOC_STRINGS = NO;
				SWIFT_VERSION = 5.0;
				TARGETED_DEVICE_FAMILY = "1,2";
				TEST_TARGET_NAME = LearningUnitTesting;
			};
			name = Debug;
		};
		78271F6329FAEEF70080CA2E /* Release */ = {
			isa = XCBuildConfiguration;
			buildSettings = {
				ALWAYS_EMBED_SWIFT_STANDARD_LIBRARIES = YES;
				CODE_SIGN_STYLE = Automatic;
				CURRENT_PROJECT_VERSION = 1;
				DEVELOPMENT_TEAM = DAUV2YZAPY;
				GENERATE_INFOPLIST_FILE = YES;
				MARKETING_VERSION = 1.0;
				PRODUCT_BUNDLE_IDENTIFIER = com.miguelulloa.LearningUnitTestingUITests;
				PRODUCT_NAME = "$(TARGET_NAME)";
				SWIFT_EMIT_LOC_STRINGS = NO;
				SWIFT_VERSION = 5.0;
				TARGETED_DEVICE_FAMILY = "1,2";
				TEST_TARGET_NAME = LearningUnitTesting;
			};
			name = Release;
		};
/* End XCBuildConfiguration section */

/* Begin XCConfigurationList section */
		78271F2929FAEEF60080CA2E /* Build configuration list for PBXProject "LearningUnitTesting" */ = {
			isa = XCConfigurationList;
			buildConfigurations = (
				78271F5929FAEEF70080CA2E /* Debug */,
				78271F5A29FAEEF70080CA2E /* Release */,
			);
			defaultConfigurationIsVisible = 0;
			defaultConfigurationName = Release;
		};
		78271F5B29FAEEF70080CA2E /* Build configuration list for PBXNativeTarget "LearningUnitTesting" */ = {
			isa = XCConfigurationList;
			buildConfigurations = (
				78271F5C29FAEEF70080CA2E /* Debug */,
				78271F5D29FAEEF70080CA2E /* Release */,
			);
			defaultConfigurationIsVisible = 0;
			defaultConfigurationName = Release;
		};
		78271F5E29FAEEF70080CA2E /* Build configuration list for PBXNativeTarget "LearningUnitTestingTests" */ = {
			isa = XCConfigurationList;
			buildConfigurations = (
				78271F5F29FAEEF70080CA2E /* Debug */,
				78271F6029FAEEF70080CA2E /* Release */,
			);
			defaultConfigurationIsVisible = 0;
			defaultConfigurationName = Release;
		};
		78271F6129FAEEF70080CA2E /* Build configuration list for PBXNativeTarget "LearningUnitTestingUITests" */ = {
			isa = XCConfigurationList;
			buildConfigurations = (
				78271F6229FAEEF70080CA2E /* Debug */,
				78271F6329FAEEF70080CA2E /* Release */,
			);
			defaultConfigurationIsVisible = 0;
			defaultConfigurationName = Release;
		};
/* End XCConfigurationList section */

/* Begin XCVersionGroup section */
		78271F3A29FAEEF60080CA2E /* LearningUnitTesting.xcdatamodeld */ = {
			isa = XCVersionGroup;
			children = (
				78271F3B29FAEEF60080CA2E /* LearningUnitTesting.xcdatamodel */,
			);
			currentVersion = 78271F3B29FAEEF60080CA2E /* LearningUnitTesting.xcdatamodel */;
			path = LearningUnitTesting.xcdatamodeld;
			sourceTree = "<group>";
			versionGroupType = wrapper.xcdatamodel;
		};
/* End XCVersionGroup section */
	};
	rootObject = 78271F2629FAEEF60080CA2E /* Project object */;
}
